
Microsoft Visual Studio Solution File, Format Version 12.00
# Visual Studio Version 17
VisualStudioVersion = 17.7.34221.43
MinimumVisualStudioVersion = 10.0.40219.1
Project("{FAE04EC0-301F-11D3-BF4B-00C04F79EFBC}") = "ConsoleApp1", "ConsoleApp1.csproj", "{146C4B83-8B3A-4FA6-A515-3C575B901073}"
EndProject
Global
	GlobalSection(SolutionConfigurationPlatforms) = preSolution
		Debug|Any CPU = Debug|Any CPU
		Release|Any CPU = Release|Any CPU
	EndGlobalSection
	GlobalSection(ProjectConfigurationPlatforms) = postSolution
		{146C4B83-8B3A-4FA6-A515-3C575B901073}.Debug|Any CPU.ActiveCfg = Debug|Any CPU
		{146C4B83-8B3A-4FA6-A515-3C575B901073}.Debug|Any CPU.Build.0 = Debug|Any CPU
		{146C4B83-8B3A-4FA6-A515-3C575B901073}.Release|Any CPU.ActiveCfg = Release|Any CPU
		{146C4B83-8B3A-4FA6-A515-3C575B901073}.Release|Any CPU.Build.0 = Release|Any CPU
	EndGlobalSection
	GlobalSection(SolutionProperties) = preSolution
		HideSolutionNode = FALSE
	EndGlobalSection
	GlobalSection(ExtensibilityGlobals) = postSolution
		SolutionGuid = {8CBE8F75-D37F-4D87-8E51-14B6D4F9D3F4}
	EndGlobalSection
EndGlobal
